// !$*UTF8*$!
{
	archiveVersion = 1;
	classes = {
	};
	objectVersion = 50;
	objects = {

/* Begin PBXBuildFile section */
		05E666D022423A9A009B3166 /* AppDelegate.swift in Sources */ = {isa = PBXBuildFile; fileRef = 05E666CF22423A9A009B3166 /* AppDelegate.swift */; };
		05E666D222423A9A009B3166 /* ViewController.swift in Sources */ = {isa = PBXBuildFile; fileRef = 05E666D122423A9A009B3166 /* ViewController.swift */; };
		05E666D522423A9A009B3166 /* Main.storyboard in Resources */ = {isa = PBXBuildFile; fileRef = 05E666D322423A9A009B3166 /* Main.storyboard */; };
		05E666D722423A9E009B3166 /* Assets.xcassets in Resources */ = {isa = PBXBuildFile; fileRef = 05E666D622423A9E009B3166 /* Assets.xcassets */; };
		05E666DA22423A9E009B3166 /* LaunchScreen.storyboard in Resources */ = {isa = PBXBuildFile; fileRef = 05E666D822423A9E009B3166 /* LaunchScreen.storyboard */; };
		05E666E522423A9E009B3166 /* ZHDemoTests.swift in Sources */ = {isa = PBXBuildFile; fileRef = 05E666E422423A9E009B3166 /* ZHDemoTests.swift */; };
		05E666F022423A9E009B3166 /* ZHDemoUITests.swift in Sources */ = {isa = PBXBuildFile; fileRef = 05E666EF22423A9E009B3166 /* ZHDemoUITests.swift */; };
		05E666FE22423B20009B3166 /* PXBaseViewController.swift in Sources */ = {isa = PBXBuildFile; fileRef = 05E666FD22423B20009B3166 /* PXBaseViewController.swift */; };
		78D21B913E7B4F6240251E4D /* Pods_ZHDemoTests.framework in Frameworks */ = {isa = PBXBuildFile; fileRef = 3233F25FA228A23A9ABF44A5 /* Pods_ZHDemoTests.framework */; };
		B8639F899EFA1009B0E8AB2F /* Pods_ZHDemo.framework in Frameworks */ = {isa = PBXBuildFile; fileRef = AEFDC440043A09C77EBEAA2F /* Pods_ZHDemo.framework */; };
		C5153D65D2BA063A3EA61FBD /* Pods_ZHDemoUITests.framework in Frameworks */ = {isa = PBXBuildFile; fileRef = BE960951736D62962900F30B /* Pods_ZHDemoUITests.framework */; };
/* End PBXBuildFile section */

/* Begin PBXContainerItemProxy section */
		05E666E122423A9E009B3166 /* PBXContainerItemProxy */ = {
			isa = PBXContainerItemProxy;
			containerPortal = 05E666C422423A9A009B3166 /* Project object */;
			proxyType = 1;
			remoteGlobalIDString = 05E666CB22423A9A009B3166;
			remoteInfo = ZHDemo;
		};
		05E666EC22423A9E009B3166 /* PBXContainerItemProxy */ = {
			isa = PBXContainerItemProxy;
			containerPortal = 05E666C422423A9A009B3166 /* Project object */;
			proxyType = 1;
			remoteGlobalIDString = 05E666CB22423A9A009B3166;
			remoteInfo = ZHDemo;
		};
/* End PBXContainerItemProxy section */

/* Begin PBXFileReference section */
		05E666CC22423A9A009B3166 /* ZHDemo.app */ = {isa = PBXFileReference; explicitFileType = wrapper.application; includeInIndex = 0; path = ZHDemo.app; sourceTree = BUILT_PRODUCTS_DIR; };
		05E666CF22423A9A009B3166 /* AppDelegate.swift */ = {isa = PBXFileReference; lastKnownFileType = sourcecode.swift; path = AppDelegate.swift; sourceTree = "<group>"; };
		05E666D122423A9A009B3166 /* ViewController.swift */ = {isa = PBXFileReference; lastKnownFileType = sourcecode.swift; path = ViewController.swift; sourceTree = "<group>"; };
		05E666D422423A9A009B3166 /* Base */ = {isa = PBXFileReference; lastKnownFileType = file.storyboard; name = Base; path = Base.lproj/Main.storyboard; sourceTree = "<group>"; };
		05E666D622423A9E009B3166 /* Assets.xcassets */ = {isa = PBXFileReference; lastKnownFileType = folder.assetcatalog; path = Assets.xcassets; sourceTree = "<group>"; };
		05E666D922423A9E009B3166 /* Base */ = {isa = PBXFileReference; lastKnownFileType = file.storyboard; name = Base; path = Base.lproj/LaunchScreen.storyboard; sourceTree = "<group>"; };
		05E666DB22423A9E009B3166 /* Info.plist */ = {isa = PBXFileReference; lastKnownFileType = text.plist.xml; path = Info.plist; sourceTree = "<group>"; };
		05E666E022423A9E009B3166 /* ZHDemoTests.xctest */ = {isa = PBXFileReference; explicitFileType = wrapper.cfbundle; includeInIndex = 0; path = ZHDemoTests.xctest; sourceTree = BUILT_PRODUCTS_DIR; };
		05E666E422423A9E009B3166 /* ZHDemoTests.swift */ = {isa = PBXFileReference; lastKnownFileType = sourcecode.swift; path = ZHDemoTests.swift; sourceTree = "<group>"; };
		05E666E622423A9E009B3166 /* Info.plist */ = {isa = PBXFileReference; lastKnownFileType = text.plist.xml; path = Info.plist; sourceTree = "<group>"; };
		05E666EB22423A9E009B3166 /* ZHDemoUITests.xctest */ = {isa = PBXFileReference; explicitFileType = wrapper.cfbundle; includeInIndex = 0; path = ZHDemoUITests.xctest; sourceTree = BUILT_PRODUCTS_DIR; };
		05E666EF22423A9E009B3166 /* ZHDemoUITests.swift */ = {isa = PBXFileReference; lastKnownFileType = sourcecode.swift; path = ZHDemoUITests.swift; sourceTree = "<group>"; };
		05E666F122423A9E009B3166 /* Info.plist */ = {isa = PBXFileReference; lastKnownFileType = text.plist.xml; path = Info.plist; sourceTree = "<group>"; };
		05E666FD22423B20009B3166 /* PXBaseViewController.swift */ = {isa = PBXFileReference; fileEncoding = 4; lastKnownFileType = sourcecode.swift; path = PXBaseViewController.swift; sourceTree = "<group>"; };
		06CE8E334E30BCDB3770AA83 /* Pods-ZHDemoUITests.release.xcconfig */ = {isa = PBXFileReference; includeInIndex = 1; lastKnownFileType = text.xcconfig; name = "Pods-ZHDemoUITests.release.xcconfig"; path = "Pods/Target Support Files/Pods-ZHDemoUITests/Pods-ZHDemoUITests.release.xcconfig"; sourceTree = "<group>"; };
		2EAC70ACB9B7035E01808F86 /* Pods-ZHDemoTests.release.xcconfig */ = {isa = PBXFileReference; includeInIndex = 1; lastKnownFileType = text.xcconfig; name = "Pods-ZHDemoTests.release.xcconfig"; path = "Pods/Target Support Files/Pods-ZHDemoTests/Pods-ZHDemoTests.release.xcconfig"; sourceTree = "<group>"; };
		3233F25FA228A23A9ABF44A5 /* Pods_ZHDemoTests.framework */ = {isa = PBXFileReference; explicitFileType = wrapper.framework; includeInIndex = 0; path = Pods_ZHDemoTests.framework; sourceTree = BUILT_PRODUCTS_DIR; };
		62DE8C4EB6F91E86C95544AE /* Pods-ZHDemoTests.debug.xcconfig */ = {isa = PBXFileReference; includeInIndex = 1; lastKnownFileType = text.xcconfig; name = "Pods-ZHDemoTests.debug.xcconfig"; path = "Pods/Target Support Files/Pods-ZHDemoTests/Pods-ZHDemoTests.debug.xcconfig"; sourceTree = "<group>"; };
		6ADACAFA1C9FF41A9867C3BD /* Pods-ZHDemoUITests.debug.xcconfig */ = {isa = PBXFileReference; includeInIndex = 1; lastKnownFileType = text.xcconfig; name = "Pods-ZHDemoUITests.debug.xcconfig"; path = "Pods/Target Support Files/Pods-ZHDemoUITests/Pods-ZHDemoUITests.debug.xcconfig"; sourceTree = "<group>"; };
		89B274AB406EEE7950ADB215 /* Pods-ZHDemo.release.xcconfig */ = {isa = PBXFileReference; includeInIndex = 1; lastKnownFileType = text.xcconfig; name = "Pods-ZHDemo.release.xcconfig"; path = "Pods/Target Support Files/Pods-ZHDemo/Pods-ZHDemo.release.xcconfig"; sourceTree = "<group>"; };
		AEFDC440043A09C77EBEAA2F /* Pods_ZHDemo.framework */ = {isa = PBXFileReference; explicitFileType = wrapper.framework; includeInIndex = 0; path = Pods_ZHDemo.framework; sourceTree = BUILT_PRODUCTS_DIR; };
		BE960951736D62962900F30B /* Pods_ZHDemoUITests.framework */ = {isa = PBXFileReference; explicitFileType = wrapper.framework; includeInIndex = 0; path = Pods_ZHDemoUITests.framework; sourceTree = BUILT_PRODUCTS_DIR; };
		D5CA611A09617647E6CC32D6 /* Pods-ZHDemo.debug.xcconfig */ = {isa = PBXFileReference; includeInIndex = 1; lastKnownFileType = text.xcconfig; name = "Pods-ZHDemo.debug.xcconfig"; path = "Pods/Target Support Files/Pods-ZHDemo/Pods-ZHDemo.debug.xcconfig"; sourceTree = "<group>"; };
/* End PBXFileReference section */

/* Begin PBXFrameworksBuildPhase section */
		05E666C922423A9A009B3166 /* Frameworks */ = {
			isa = PBXFrameworksBuildPhase;
			buildActionMask = 2147483647;
			files = (
				B8639F899EFA1009B0E8AB2F /* Pods_ZHDemo.framework in Frameworks */,
			);
			runOnlyForDeploymentPostprocessing = 0;
		};
		05E666DD22423A9E009B3166 /* Frameworks */ = {
			isa = PBXFrameworksBuildPhase;
			buildActionMask = 2147483647;
			files = (
				78D21B913E7B4F6240251E4D /* Pods_ZHDemoTests.framework in Frameworks */,
			);
			runOnlyForDeploymentPostprocessing = 0;
		};
		05E666E822423A9E009B3166 /* Frameworks */ = {
			isa = PBXFrameworksBuildPhase;
			buildActionMask = 2147483647;
			files = (
				C5153D65D2BA063A3EA61FBD /* Pods_ZHDemoUITests.framework in Frameworks */,
			);
			runOnlyForDeploymentPostprocessing = 0;
		};
/* End PBXFrameworksBuildPhase section */

/* Begin PBXGroup section */
		05E666C322423A9A009B3166 = {
			isa = PBXGroup;
			children = (
				05E666CE22423A9A009B3166 /* ZHDemo */,
				05E666E322423A9E009B3166 /* ZHDemoTests */,
				05E666EE22423A9E009B3166 /* ZHDemoUITests */,
				05E666CD22423A9A009B3166 /* Products */,
				17F77170132A9569B91E0011 /* Pods */,
				5555CF975F762828B55DF67D /* Frameworks */,
			);
			sourceTree = "<group>";
		};
		05E666CD22423A9A009B3166 /* Products */ = {
			isa = PBXGroup;
			children = (
				05E666CC22423A9A009B3166 /* ZHDemo.app */,
				05E666E022423A9E009B3166 /* ZHDemoTests.xctest */,
				05E666EB22423A9E009B3166 /* ZHDemoUITests.xctest */,
			);
			name = Products;
			sourceTree = "<group>";
		};
		05E666CE22423A9A009B3166 /* ZHDemo */ = {
			isa = PBXGroup;
			children = (
				05E666CF22423A9A009B3166 /* AppDelegate.swift */,
				05E666D122423A9A009B3166 /* ViewController.swift */,
				05E666FD22423B20009B3166 /* PXBaseViewController.swift */,
				05E666D322423A9A009B3166 /* Main.storyboard */,
				05E666D622423A9E009B3166 /* Assets.xcassets */,
				05E666D822423A9E009B3166 /* LaunchScreen.storyboard */,
				05E666DB22423A9E009B3166 /* Info.plist */,
			);
			path = ZHDemo;
			sourceTree = "<group>";
		};
		05E666E322423A9E009B3166 /* ZHDemoTests */ = {
			isa = PBXGroup;
			children = (
				05E666E422423A9E009B3166 /* ZHDemoTests.swift */,
				05E666E622423A9E009B3166 /* Info.plist */,
			);
			path = ZHDemoTests;
			sourceTree = "<group>";
		};
		05E666EE22423A9E009B3166 /* ZHDemoUITests */ = {
			isa = PBXGroup;
			children = (
				05E666EF22423A9E009B3166 /* ZHDemoUITests.swift */,
				05E666F122423A9E009B3166 /* Info.plist */,
			);
			path = ZHDemoUITests;
			sourceTree = "<group>";
		};
		17F77170132A9569B91E0011 /* Pods */ = {
			isa = PBXGroup;
			children = (
				D5CA611A09617647E6CC32D6 /* Pods-ZHDemo.debug.xcconfig */,
				89B274AB406EEE7950ADB215 /* Pods-ZHDemo.release.xcconfig */,
				62DE8C4EB6F91E86C95544AE /* Pods-ZHDemoTests.debug.xcconfig */,
				2EAC70ACB9B7035E01808F86 /* Pods-ZHDemoTests.release.xcconfig */,
				6ADACAFA1C9FF41A9867C3BD /* Pods-ZHDemoUITests.debug.xcconfig */,
				06CE8E334E30BCDB3770AA83 /* Pods-ZHDemoUITests.release.xcconfig */,
			);
			name = Pods;
			sourceTree = "<group>";
		};
		5555CF975F762828B55DF67D /* Frameworks */ = {
			isa = PBXGroup;
			children = (
				AEFDC440043A09C77EBEAA2F /* Pods_ZHDemo.framework */,
				3233F25FA228A23A9ABF44A5 /* Pods_ZHDemoTests.framework */,
				BE960951736D62962900F30B /* Pods_ZHDemoUITests.framework */,
			);
			name = Frameworks;
			sourceTree = "<group>";
		};
/* End PBXGroup section */

/* Begin PBXNativeTarget section */
		05E666CB22423A9A009B3166 /* ZHDemo */ = {
			isa = PBXNativeTarget;
			buildConfigurationList = 05E666F422423A9E009B3166 /* Build configuration list for PBXNativeTarget "ZHDemo" */;
			buildPhases = (
				FA28B721B916B8CDDFC59BD3 /* [CP] Check Pods Manifest.lock */,
				05E666C822423A9A009B3166 /* Sources */,
				05E666C922423A9A009B3166 /* Frameworks */,
				05E666CA22423A9A009B3166 /* Resources */,
			);
			buildRules = (
			);
			dependencies = (
			);
			name = ZHDemo;
			productName = ZHDemo;
			productReference = 05E666CC22423A9A009B3166 /* ZHDemo.app */;
			productType = "com.apple.product-type.application";
		};
		05E666DF22423A9E009B3166 /* ZHDemoTests */ = {
			isa = PBXNativeTarget;
			buildConfigurationList = 05E666F722423A9E009B3166 /* Build configuration list for PBXNativeTarget "ZHDemoTests" */;
			buildPhases = (
				6A1FA52BB4268A99B4E7E21D /* [CP] Check Pods Manifest.lock */,
				05E666DC22423A9E009B3166 /* Sources */,
				05E666DD22423A9E009B3166 /* Frameworks */,
				05E666DE22423A9E009B3166 /* Resources */,
			);
			buildRules = (
			);
			dependencies = (
				05E666E222423A9E009B3166 /* PBXTargetDependency */,
			);
			name = ZHDemoTests;
			productName = ZHDemoTests;
			productReference = 05E666E022423A9E009B3166 /* ZHDemoTests.xctest */;
			productType = "com.apple.product-type.bundle.unit-test";
		};
		05E666EA22423A9E009B3166 /* ZHDemoUITests */ = {
			isa = PBXNativeTarget;
			buildConfigurationList = 05E666FA22423A9E009B3166 /* Build configuration list for PBXNativeTarget "ZHDemoUITests" */;
			buildPhases = (
				42BDB6AFC0CFD3CEA33C0C19 /* [CP] Check Pods Manifest.lock */,
				05E666E722423A9E009B3166 /* Sources */,
				05E666E822423A9E009B3166 /* Frameworks */,
				05E666E922423A9E009B3166 /* Resources */,
			);
			buildRules = (
			);
			dependencies = (
				05E666ED22423A9E009B3166 /* PBXTargetDependency */,
			);
			name = ZHDemoUITests;
			productName = ZHDemoUITests;
			productReference = 05E666EB22423A9E009B3166 /* ZHDemoUITests.xctest */;
			productType = "com.apple.product-type.bundle.ui-testing";
		};
/* End PBXNativeTarget section */

/* Begin PBXProject section */
		05E666C422423A9A009B3166 /* Project object */ = {
			isa = PBXProject;
			attributes = {
				LastSwiftUpdateCheck = 1010;
				LastUpgradeCheck = 1010;
				ORGANIZATIONNAME = puxin;
				TargetAttributes = {
					05E666CB22423A9A009B3166 = {
						CreatedOnToolsVersion = 10.1;
					};
					05E666DF22423A9E009B3166 = {
						CreatedOnToolsVersion = 10.1;
						TestTargetID = 05E666CB22423A9A009B3166;
					};
					05E666EA22423A9E009B3166 = {
						CreatedOnToolsVersion = 10.1;
						TestTargetID = 05E666CB22423A9A009B3166;
					};
				};
			};
			buildConfigurationList = 05E666C722423A9A009B3166 /* Build configuration list for PBXProject "ZHDemo" */;
			compatibilityVersion = "Xcode 9.3";
			developmentRegion = en;
			hasScannedForEncodings = 0;
			knownRegions = (
				en,
				Base,
			);
			mainGroup = 05E666C322423A9A009B3166;
			productRefGroup = 05E666CD22423A9A009B3166 /* Products */;
			projectDirPath = "";
			projectRoot = "";
			targets = (
				05E666CB22423A9A009B3166 /* ZHDemo */,
				05E666DF22423A9E009B3166 /* ZHDemoTests */,
				05E666EA22423A9E009B3166 /* ZHDemoUITests */,
			);
		};
/* End PBXProject section */

/* Begin PBXResourcesBuildPhase section */
		05E666CA22423A9A009B3166 /* Resources */ = {
			isa = PBXResourcesBuildPhase;
			buildActionMask = 2147483647;
			files = (
				05E666DA22423A9E009B3166 /* LaunchScreen.storyboard in Resources */,
				05E666D722423A9E009B3166 /* Assets.xcassets in Resources */,
				05E666D522423A9A009B3166 /* Main.storyboard in Resources */,
			);
			runOnlyForDeploymentPostprocessing = 0;
		};
		05E666DE22423A9E009B3166 /* Resources */ = {
			isa = PBXResourcesBuildPhase;
			buildActionMask = 2147483647;
			files = (
			);
			runOnlyForDeploymentPostprocessing = 0;
		};
		05E666E922423A9E009B3166 /* Resources */ = {
			isa = PBXResourcesBuildPhase;
			buildActionMask = 2147483647;
			files = (
			);
			runOnlyForDeploymentPostprocessing = 0;
		};
/* End PBXResourcesBuildPhase section */

/* Begin PBXShellScriptBuildPhase section */
		42BDB6AFC0CFD3CEA33C0C19 /* [CP] Check Pods Manifest.lock */ = {
			isa = PBXShellScriptBuildPhase;
			buildActionMask = 2147483647;
			files = (
			);
			inputFileListPaths = (
			);
			inputPaths = (
				"${PODS_PODFILE_DIR_PATH}/Podfile.lock",
				"${PODS_ROOT}/Manifest.lock",
			);
			name = "[CP] Check Pods Manifest.lock";
			outputFileListPaths = (
			);
			outputPaths = (
				"$(DERIVED_FILE_DIR)/Pods-ZHDemoUITests-checkManifestLockResult.txt",
			);
			runOnlyForDeploymentPostprocessing = 0;
			shellPath = /bin/sh;
			shellScript = "diff \"${PODS_PODFILE_DIR_PATH}/Podfile.lock\" \"${PODS_ROOT}/Manifest.lock\" > /dev/null\nif [ $? != 0 ] ; then\n    # print error to STDERR\n    echo \"error: The sandbox is not in sync with the Podfile.lock. Run 'pod install' or update your CocoaPods installation.\" >&2\n    exit 1\nfi\n# This output is used by Xcode 'outputs' to avoid re-running this script phase.\necho \"SUCCESS\" > \"${SCRIPT_OUTPUT_FILE_0}\"\n";
			showEnvVarsInLog = 0;
		};
		6A1FA52BB4268A99B4E7E21D /* [CP] Check Pods Manifest.lock */ = {
			isa = PBXShellScriptBuildPhase;
			buildActionMask = 2147483647;
			files = (
			);
			inputFileListPaths = (
			);
			inputPaths = (
				"${PODS_PODFILE_DIR_PATH}/Podfile.lock",
				"${PODS_ROOT}/Manifest.lock",
			);
			name = "[CP] Check Pods Manifest.lock";
			outputFileListPaths = (
			);
			outputPaths = (
				"$(DERIVED_FILE_DIR)/Pods-ZHDemoTests-checkManifestLockResult.txt",
			);
			runOnlyForDeploymentPostprocessing = 0;
			shellPath = /bin/sh;
			shellScript = "diff \"${PODS_PODFILE_DIR_PATH}/Podfile.lock\" \"${PODS_ROOT}/Manifest.lock\" > /dev/null\nif [ $? != 0 ] ; then\n    # print error to STDERR\n    echo \"error: The sandbox is not in sync with the Podfile.lock. Run 'pod install' or update your CocoaPods installation.\" >&2\n    exit 1\nfi\n# This output is used by Xcode 'outputs' to avoid re-running this script phase.\necho \"SUCCESS\" > \"${SCRIPT_OUTPUT_FILE_0}\"\n";
			showEnvVarsInLog = 0;
		};
		FA28B721B916B8CDDFC59BD3 /* [CP] Check Pods Manifest.lock */ = {
			isa = PBXShellScriptBuildPhase;
			buildActionMask = 2147483647;
			files = (
			);
			inputFileListPaths = (
			);
			inputPaths = (
				"${PODS_PODFILE_DIR_PATH}/Podfile.lock",
				"${PODS_ROOT}/Manifest.lock",
			);
			name = "[CP] Check Pods Manifest.lock";
			outputFileListPaths = (
			);
			outputPaths = (
				"$(DERIVED_FILE_DIR)/Pods-ZHDemo-checkManifestLockResult.txt",
			);
			runOnlyForDeploymentPostprocessing = 0;
			shellPath = /bin/sh;
			shellScript = "diff \"${PODS_PODFILE_DIR_PATH}/Podfile.lock\" \"${PODS_ROOT}/Manifest.lock\" > /dev/null\nif [ $? != 0 ] ; then\n    # print error to STDERR\n    echo \"error: The sandbox is not in sync with the Podfile.lock. Run 'pod install' or update your CocoaPods installation.\" >&2\n    exit 1\nfi\n# This output is used by Xcode 'outputs' to avoid re-running this script phase.\necho \"SUCCESS\" > \"${SCRIPT_OUTPUT_FILE_0}\"\n";
			showEnvVarsInLog = 0;
		};
/* End PBXShellScriptBuildPhase section */

/* Begin PBXSourcesBuildPhase section */
		05E666C822423A9A009B3166 /* Sources */ = {
			isa = PBXSourcesBuildPhase;
			buildActionMask = 2147483647;
			files = (
				05E666FE22423B20009B3166 /* PXBaseViewController.swift in Sources */,
				05E666D222423A9A009B3166 /* ViewController.swift in Sources */,
				05E666D022423A9A009B3166 /* AppDelegate.swift in Sources */,
			);
			runOnlyForDeploymentPostprocessing = 0;
		};
		05E666DC22423A9E009B3166 /* Sources */ = {
			isa = PBXSourcesBuildPhase;
			buildActionMask = 2147483647;
			files = (
				05E666E522423A9E009B3166 /* ZHDemoTests.swift in Sources */,
			);
			runOnlyForDeploymentPostprocessing = 0;
		};
		05E666E722423A9E009B3166 /* Sources */ = {
			isa = PBXSourcesBuildPhase;
			buildActionMask = 2147483647;
			files = (
				05E666F022423A9E009B3166 /* ZHDemoUITests.swift in Sources */,
			);
			runOnlyForDeploymentPostprocessing = 0;
		};
/* End PBXSourcesBuildPhase section */

/* Begin PBXTargetDependency section */
		05E666E222423A9E009B3166 /* PBXTargetDependency */ = {
			isa = PBXTargetDependency;
			target = 05E666CB22423A9A009B3166 /* ZHDemo */;
			targetProxy = 05E666E122423A9E009B3166 /* PBXContainerItemProxy */;
		};
		05E666ED22423A9E009B3166 /* PBXTargetDependency */ = {
			isa = PBXTargetDependency;
			target = 05E666CB22423A9A009B3166 /* ZHDemo */;
			targetProxy = 05E666EC22423A9E009B3166 /* PBXContainerItemProxy */;
		};
/* End PBXTargetDependency section */

/* Begin PBXVariantGroup section */
		05E666D322423A9A009B3166 /* Main.storyboard */ = {
			isa = PBXVariantGroup;
			children = (
				05E666D422423A9A009B3166 /* Base */,
			);
			name = Main.storyboard;
			sourceTree = "<group>";
		};
		05E666D822423A9E009B3166 /* LaunchScreen.storyboard */ = {
			isa = PBXVariantGroup;
			children = (
				05E666D922423A9E009B3166 /* Base */,
			);
			name = LaunchScreen.storyboard;
			sourceTree = "<group>";
		};
/* End PBXVariantGroup section */

/* Begin XCBuildConfiguration section */
		05E666F222423A9E009B3166 /* Debug */ = {
			isa = XCBuildConfiguration;
			buildSettings = {
				ALWAYS_SEARCH_USER_PATHS = NO;
				CLANG_ANALYZER_NONNULL = YES;
				CLANG_ANALYZER_NUMBER_OBJECT_CONVERSION = YES_AGGRESSIVE;
				CLANG_CXX_LANGUAGE_STANDARD = "gnu++14";
				CLANG_CXX_LIBRARY = "libc++";
				CLANG_ENABLE_MODULES = YES;
				CLANG_ENABLE_OBJC_ARC = YES;
				CLANG_ENABLE_OBJC_WEAK = YES;
				CLANG_WARN_BLOCK_CAPTURE_AUTORELEASING = YES;
				CLANG_WARN_BOOL_CONVERSION = YES;
				CLANG_WARN_COMMA = YES;
				CLANG_WARN_CONSTANT_CONVERSION = YES;
				CLANG_WARN_DEPRECATED_OBJC_IMPLEMENTATIONS = YES;
				CLANG_WARN_DIRECT_OBJC_ISA_USAGE = YES_ERROR;
				CLANG_WARN_DOCUMENTATION_COMMENTS = YES;
				CLANG_WARN_EMPTY_BODY = YES;
				CLANG_WARN_ENUM_CONVERSION = YES;
				CLANG_WARN_INFINITE_RECURSION = YES;
				CLANG_WARN_INT_CONVERSION = YES;
				CLANG_WARN_NON_LITERAL_NULL_CONVERSION = YES;
				CLANG_WARN_OBJC_IMPLICIT_RETAIN_SELF = YES;
				CLANG_WARN_OBJC_LITERAL_CONVERSION = YES;
				CLANG_WARN_OBJC_ROOT_CLASS = YES_ERROR;
				CLANG_WARN_RANGE_LOOP_ANALYSIS = YES;
				CLANG_WARN_STRICT_PROTOTYPES = YES;
				CLANG_WARN_SUSPICIOUS_MOVE = YES;
				CLANG_WARN_UNGUARDED_AVAILABILITY = YES_AGGRESSIVE;
				CLANG_WARN_UNREACHABLE_CODE = YES;
				CLANG_WARN__DUPLICATE_METHOD_MATCH = YES;
				CODE_SIGN_IDENTITY = "iPhone Developer";
				COPY_PHASE_STRIP = NO;
				DEBUG_INFORMATION_FORMAT = dwarf;
				ENABLE_STRICT_OBJC_MSGSEND = YES;
				ENABLE_TESTABILITY = YES;
				GCC_C_LANGUAGE_STANDARD = gnu11;
				GCC_DYNAMIC_NO_PIC = NO;
				GCC_NO_COMMON_BLOCKS = YES;
				GCC_OPTIMIZATION_LEVEL = 0;
				GCC_PREPROCESSOR_DEFINITIONS = (
					"DEBUG=1",
					"$(inherited)",
				);
				GCC_WARN_64_TO_32_BIT_CONVERSION = YES;
				GCC_WARN_ABOUT_RETURN_TYPE = YES_ERROR;
				GCC_WARN_UNDECLARED_SELECTOR = YES;
				GCC_WARN_UNINITIALIZED_AUTOS = YES_AGGRESSIVE;
				GCC_WARN_UNUSED_FUNCTION = YES;
				GCC_WARN_UNUSED_VARIABLE = YES;
				IPHONEOS_DEPLOYMENT_TARGET = 12.1;
				MTL_ENABLE_DEBUG_INFO = INCLUDE_SOURCE;
				MTL_FAST_MATH = YES;
				ONLY_ACTIVE_ARCH = YES;
				SDKROOT = iphoneos;
				SWIFT_ACTIVE_COMPILATION_CONDITIONS = DEBUG;
				SWIFT_OPTIMIZATION_LEVEL = "-Onone";
			};
			name = Debug;
		};
		05E666F322423A9E009B3166 /* Release */ = {
			isa = XCBuildConfiguration;
			buildSettings = {
				ALWAYS_SEARCH_USER_PATHS = NO;
				CLANG_ANALYZER_NONNULL = YES;
				CLANG_ANALYZER_NUMBER_OBJECT_CONVERSION = YES_AGGRESSIVE;
				CLANG_CXX_LANGUAGE_STANDARD = "gnu++14";
				CLANG_CXX_LIBRARY = "libc++";
				CLANG_ENABLE_MODULES = YES;
				CLANG_ENABLE_OBJC_ARC = YES;
				CLANG_ENABLE_OBJC_WEAK = YES;
				CLANG_WARN_BLOCK_CAPTURE_AUTORELEASING = YES;
				CLANG_WARN_BOOL_CONVERSION = YES;
				CLANG_WARN_COMMA = YES;
				CLANG_WARN_CONSTANT_CONVERSION = YES;
				CLANG_WARN_DEPRECATED_OBJC_IMPLEMENTATIONS = YES;
				CLANG_WARN_DIRECT_OBJC_ISA_USAGE = YES_ERROR;
				CLANG_WARN_DOCUMENTATION_COMMENTS = YES;
				CLANG_WARN_EMPTY_BODY = YES;
				CLANG_WARN_ENUM_CONVERSION = YES;
				CLANG_WARN_INFINITE_RECURSION = YES;
				CLANG_WARN_INT_CONVERSION = YES;
				CLANG_WARN_NON_LITERAL_NULL_CONVERSION = YES;
				CLANG_WARN_OBJC_IMPLICIT_RETAIN_SELF = YES;
				CLANG_WARN_OBJC_LITERAL_CONVERSION = YES;
				CLANG_WARN_OBJC_ROOT_CLASS = YES_ERROR;
				CLANG_WARN_RANGE_LOOP_ANALYSIS = YES;
				CLANG_WARN_STRICT_PROTOTYPES = YES;
				CLANG_WARN_SUSPICIOUS_MOVE = YES;
				CLANG_WARN_UNGUARDED_AVAILABILITY = YES_AGGRESSIVE;
				CLANG_WARN_UNREACHABLE_CODE = YES;
				CLANG_WARN__DUPLICATE_METHOD_MATCH = YES;
				CODE_SIGN_IDENTITY = "iPhone Developer";
				COPY_PHASE_STRIP = NO;
				DEBUG_INFORMATION_FORMAT = "dwarf-with-dsym";
				ENABLE_NS_ASSERTIONS = NO;
				ENABLE_STRICT_OBJC_MSGSEND = YES;
				GCC_C_LANGUAGE_STANDARD = gnu11;
				GCC_NO_COMMON_BLOCKS = YES;
				GCC_WARN_64_TO_32_BIT_CONVERSION = YES;
				GCC_WARN_ABOUT_RETURN_TYPE = YES_ERROR;
				GCC_WARN_UNDECLARED_SELECTOR = YES;
				GCC_WARN_UNINITIALIZED_AUTOS = YES_AGGRESSIVE;
				GCC_WARN_UNUSED_FUNCTION = YES;
				GCC_WARN_UNUSED_VARIABLE = YES;
				IPHONEOS_DEPLOYMENT_TARGET = 12.1;
				MTL_ENABLE_DEBUG_INFO = NO;
				MTL_FAST_MATH = YES;
				SDKROOT = iphoneos;
				SWIFT_COMPILATION_MODE = wholemodule;
				SWIFT_OPTIMIZATION_LEVEL = "-O";
				VALIDATE_PRODUCT = YES;
			};
			name = Release;
		};
		05E666F522423A9E009B3166 /* Debug */ = {
			isa = XCBuildConfiguration;
			baseConfigurationReference = D5CA611A09617647E6CC32D6 /* Pods-ZHDemo.debug.xcconfig */;
			buildSettings = {
				ASSETCATALOG_COMPILER_APPICON_NAME = AppIcon;
				CODE_SIGN_STYLE = Automatic;
				INFOPLIST_FILE = ZHDemo/Info.plist;
				LD_RUNPATH_SEARCH_PATHS = (
					"$(inherited)",
					"@executable_path/Frameworks",
				);
				PRODUCT_BUNDLE_IDENTIFIER = com.puxin.demos.ZHDemo;
				PRODUCT_NAME = "$(TARGET_NAME)";
				SWIFT_VERSION = 4.2;
				TARGETED_DEVICE_FAMILY = "1,2";
			};
			name = Debug;
		};
		05E666F622423A9E009B3166 /* Release */ = {
			isa = XCBuildConfiguration;
			baseConfigurationReference = 89B274AB406EEE7950ADB215 /* Pods-ZHDemo.release.xcconfig */;
			buildSettings = {
				ASSETCATALOG_COMPILER_APPICON_NAME = AppIcon;
				CODE_SIGN_STYLE = Automatic;
				INFOPLIST_FILE = ZHDemo/Info.plist;
				LD_RUNPATH_SEARCH_PATHS = (
					"$(inherited)",
					"@executable_path/Frameworks",
				);
				PRODUCT_BUNDLE_IDENTIFIER = com.puxin.demos.ZHDemo;
				PRODUCT_NAME = "$(TARGET_NAME)";
				SWIFT_VERSION = 4.2;
				TARGETED_DEVICE_FAMILY = "1,2";
			};
			name = Release;
		};
		05E666F822423A9E009B3166 /* Debug */ = {
			isa = XCBuildConfiguration;
			baseConfigurationReference = 62DE8C4EB6F91E86C95544AE /* Pods-ZHDemoTests.debug.xcconfig */;
			buildSettings = {
				ALWAYS_EMBED_SWIFT_STANDARD_LIBRARIES = YES;
				BUNDLE_LOADER = "$(TEST_HOST)";
				CODE_SIGN_STYLE = Automatic;
				INFOPLIST_FILE = ZHDemoTests/Info.plist;
				LD_RUNPATH_SEARCH_PATHS = (
					"$(inherited)",
					"@executable_path/Frameworks",
					"@loader_path/Frameworks",
				);
				PRODUCT_BUNDLE_IDENTIFIER = com.puxin.demos.ZHDemoTests;
				PRODUCT_NAME = "$(TARGET_NAME)";
				SWIFT_VERSION = 4.2;
				TARGETED_DEVICE_FAMILY = "1,2";
				TEST_HOST = "$(BUILT_PRODUCTS_DIR)/ZHDemo.app/ZHDemo";
			};
			name = Debug;
		};
		05E666F922423A9E009B3166 /* Release */ = {
			isa = XCBuildConfiguration;
			baseConfigurationReference = 2EAC70ACB9B7035E01808F86 /* Pods-ZHDemoTests.release.xcconfig */;
			buildSettings = {
				ALWAYS_EMBED_SWIFT_STANDARD_LIBRARIES = YES;
				BUNDLE_LOADER = "$(TEST_HOST)";
				CODE_SIGN_STYLE = Automatic;
				INFOPLIST_FILE = ZHDemoTests/Info.plist;
				LD_RUNPATH_SEARCH_PATHS = (
					"$(inherited)",
					"@executable_path/Frameworks",
					"@loader_path/Frameworks",
				);
				PRODUCT_BUNDLE_IDENTIFIER = com.puxin.demos.ZHDemoTests;
				PRODUCT_NAME = "$(TARGET_NAME)";
				SWIFT_VERSION = 4.2;
				TARGETED_DEVICE_FAMILY = "1,2";
				TEST_HOST = "$(BUILT_PRODUCTS_DIR)/ZHDemo.app/ZHDemo";
			};
			name = Release;
		};
		05E666FB22423A9E009B3166 /* Debug */ = {
			isa = XCBuildConfiguration;
			baseConfigurationReference = 6ADACAFA1C9FF41A9867C3BD /* Pods-ZHDemoUITests.debug.xcconfig */;
			buildSettings = {
				ALWAYS_EMBED_SWIFT_STANDARD_LIBRARIES = YES;
				CODE_SIGN_STYLE = Automatic;
				INFOPLIST_FILE = ZHDemoUITests/Info.plist;
				LD_RUNPATH_SEARCH_PATHS = (
					"$(inherited)",
					"@executable_path/Frameworks",
					"@loader_path/Frameworks",
				);
				PRODUCT_BUNDLE_IDENTIFIER = com.puxin.demos.ZHDemoUITests;
				PRODUCT_NAME = "$(TARGET_NAME)";
				SWIFT_VERSION = 4.2;
				TARGETED_DEVICE_FAMILY = "1,2";
				TEST_TARGET_NAME = ZHDemo;
			};
			name = Debug;
		};
		05E666FC22423A9E009B3166 /* Release */ = {
			isa = XCBuildConfiguration;
			baseConfigurationReference = 06CE8E334E30BCDB3770AA83 /* Pods-ZHDemoUITests.release.xcconfig */;
			buildSettings = {
				ALWAYS_EMBED_SWIFT_STANDARD_LIBRARIES = YES;
				CODE_SIGN_STYLE = Automatic;
				INFOPLIST_FILE = ZHDemoUITests/Info.plist;
				LD_RUNPATH_SEARCH_PATHS = (
					"$(inherited)",
					"@executable_path/Frameworks",
					"@loader_path/Frameworks",
				);
				PRODUCT_BUNDLE_IDENTIFIER = com.puxin.demos.ZHDemoUITests;
				PRODUCT_NAME = "$(TARGET_NAME)";
				SWIFT_VERSION = 4.2;
				TARGETED_DEVICE_FAMILY = "1,2";
				TEST_TARGET_NAME = ZHDemo;
			};
			name = Release;
		};
/* End XCBuildConfiguration section */

/* Begin XCConfigurationList section */
		05E666C722423A9A009B3166 /* Build configuration list for PBXProject "ZHDemo" */ = {
			isa = XCConfigurationList;
			buildConfigurations = (
				05E666F222423A9E009B3166 /* Debug */,
				05E666F322423A9E009B3166 /* Release */,
			);
			defaultConfigurationIsVisible = 0;
			defaultConfigurationName = Release;
		};
		05E666F422423A9E009B3166 /* Build configuration list for PBXNativeTarget "ZHDemo" */ = {
			isa = XCConfigurationList;
			buildConfigurations = (
				05E666F522423A9E009B3166 /* Debug */,
				05E666F622423A9E009B3166 /* Release */,
			);
			defaultConfigurationIsVisible = 0;
			defaultConfigurationName = Release;
		};
		05E666F722423A9E009B3166 /* Build configuration list for PBXNativeTarget "ZHDemoTests" */ = {
			isa = XCConfigurationList;
			buildConfigurations = (
				05E666F822423A9E009B3166 /* Debug */,
				05E666F922423A9E009B3166 /* Release */,
			);
			defaultConfigurationIsVisible = 0;
			defaultConfigurationName = Release;
		};
		05E666FA22423A9E009B3166 /* Build configuration list for PBXNativeTarget "ZHDemoUITests" */ = {
			isa = XCConfigurationList;
			buildConfigurations = (
				05E666FB22423A9E009B3166 /* Debug */,
				05E666FC22423A9E009B3166 /* Release */,
			);
			defaultConfigurationIsVisible = 0;
			defaultConfigurationName = Release;
		};
/* End XCConfigurationList section */
	};
	rootObject = 05E666C422423A9A009B3166 /* Project object */;
}
